
Microsoft Visual Studio Solution File, Format Version 12.00
# Visual Studio Version 17
VisualStudioVersion = 17.6.33712.159
MinimumVisualStudioVersion = 10.0.40219.1
Project("{FAE04EC0-301F-11D3-BF4B-00C04F79EFBC}") = "Garage.WSGerenciaUsuario", "Garage.WSGerenciaUsuario\Garage.WSGerenciaUsuario.csproj", "{9E79139A-988F-40D1-9B84-555F7F7C107D}"
EndProject
Global
	GlobalSection(SolutionConfigurationPlatforms) = preSolution
		Debug|Any CPU = Debug|Any CPU
		Release|Any CPU = Release|Any CPU
	EndGlobalSection
	GlobalSection(ProjectConfigurationPlatforms) = postSolution
		{9E79139A-988F-40D1-9B84-555F7F7C107D}.Debug|Any CPU.ActiveCfg = Debug|Any CPU
		{9E79139A-988F-40D1-9B84-555F7F7C107D}.Debug|Any CPU.Build.0 = Debug|Any CPU
		{9E79139A-988F-40D1-9B84-555F7F7C107D}.Release|Any CPU.ActiveCfg = Release|Any CPU
		{9E79139A-988F-40D1-9B84-555F7F7C107D}.Release|Any CPU.Build.0 = Release|Any CPU
	EndGlobalSection
	GlobalSection(SolutionProperties) = preSolution
		HideSolutionNode = FALSE
	EndGlobalSection
	GlobalSection(ExtensibilityGlobals) = postSolution
		SolutionGuid = {F55AB0B9-A47D-42A4-B6D1-7D70C3FF1806}
	EndGlobalSection
EndGlobal
